// !$*UTF8*$!
{
	archiveVersion = 1;
	classes = {
	};
	objectVersion = 50;
	objects = {

/* Begin PBXBuildFile section */
		CEC2EED2256D4A6500C35705 /* AppDelegate.swift in Sources */ = {isa = PBXBuildFile; fileRef = CEC2EED1256D4A6500C35705 /* AppDelegate.swift */; };
		CEC2EED4256D4A6500C35705 /* SceneDelegate.swift in Sources */ = {isa = PBXBuildFile; fileRef = CEC2EED3256D4A6500C35705 /* SceneDelegate.swift */; };
		CEC2EED6256D4A6500C35705 /* LocationVC.swift in Sources */ = {isa = PBXBuildFile; fileRef = CEC2EED5256D4A6500C35705 /* LocationVC.swift */; };
		CEC2EED9256D4A6500C35705 /* Main.storyboard in Resources */ = {isa = PBXBuildFile; fileRef = CEC2EED7256D4A6500C35705 /* Main.storyboard */; };
		CEC2EEDB256D4A6900C35705 /* Assets.xcassets in Resources */ = {isa = PBXBuildFile; fileRef = CEC2EEDA256D4A6900C35705 /* Assets.xcassets */; };
		CEC2EEDE256D4A6900C35705 /* LaunchScreen.storyboard in Resources */ = {isa = PBXBuildFile; fileRef = CEC2EEDC256D4A6900C35705 /* LaunchScreen.storyboard */; };
		CEE963EA256D5CF8002F71CC /* MapVC.swift in Sources */ = {isa = PBXBuildFile; fileRef = CEE963E9256D5CF8002F71CC /* MapVC.swift */; };
/* End PBXBuildFile section */

/* Begin PBXFileReference section */
		CEC2EECE256D4A6500C35705 /* GeoMap2.app */ = {isa = PBXFileReference; explicitFileType = wrapper.application; includeInIndex = 0; path = GeoMap2.app; sourceTree = BUILT_PRODUCTS_DIR; };
		CEC2EED1256D4A6500C35705 /* AppDelegate.swift */ = {isa = PBXFileReference; lastKnownFileType = sourcecode.swift; path = AppDelegate.swift; sourceTree = "<group>"; };
		CEC2EED3256D4A6500C35705 /* SceneDelegate.swift */ = {isa = PBXFileReference; lastKnownFileType = sourcecode.swift; path = SceneDelegate.swift; sourceTree = "<group>"; };
		CEC2EED5256D4A6500C35705 /* LocationVC.swift */ = {isa = PBXFileReference; lastKnownFileType = sourcecode.swift; path = LocationVC.swift; sourceTree = "<group>"; };
		CEC2EED8256D4A6500C35705 /* Base */ = {isa = PBXFileReference; lastKnownFileType = file.storyboard; name = Base; path = Base.lproj/Main.storyboard; sourceTree = "<group>"; };
		CEC2EEDA256D4A6900C35705 /* Assets.xcassets */ = {isa = PBXFileReference; lastKnownFileType = folder.assetcatalog; path = Assets.xcassets; sourceTree = "<group>"; };
		CEC2EEDD256D4A6900C35705 /* Base */ = {isa = PBXFileReference; lastKnownFileType = file.storyboard; name = Base; path = Base.lproj/LaunchScreen.storyboard; sourceTree = "<group>"; };
		CEC2EEDF256D4A6900C35705 /* Info.plist */ = {isa = PBXFileReference; lastKnownFileType = text.plist.xml; path = Info.plist; sourceTree = "<group>"; };
		CEE963E9256D5CF8002F71CC /* MapVC.swift */ = {isa = PBXFileReference; lastKnownFileType = sourcecode.swift; path = MapVC.swift; sourceTree = "<group>"; };
/* End PBXFileReference section */

/* Begin PBXFrameworksBuildPhase section */
		CEC2EECB256D4A6500C35705 /* Frameworks */ = {
			isa = PBXFrameworksBuildPhase;
			buildActionMask = 2147483647;
			files = (
			);
			runOnlyForDeploymentPostprocessing = 0;
		};
/* End PBXFrameworksBuildPhase section */

/* Begin PBXGroup section */
		CEC2EEC5256D4A6500C35705 = {
			isa = PBXGroup;
			children = (
				CEC2EED0256D4A6500C35705 /* GeoMap2 */,
				CEC2EECF256D4A6500C35705 /* Products */,
			);
			sourceTree = "<group>";
		};
		CEC2EECF256D4A6500C35705 /* Products */ = {
			isa = PBXGroup;
			children = (
				CEC2EECE256D4A6500C35705 /* GeoMap2.app */,
			);
			name = Products;
			sourceTree = "<group>";
		};
		CEC2EED0256D4A6500C35705 /* GeoMap2 */ = {
			isa = PBXGroup;
			children = (
				CEC2EEE6256D4EA600C35705 /* Fonts */,
				CEC2EED1256D4A6500C35705 /* AppDelegate.swift */,
				CEC2EED3256D4A6500C35705 /* SceneDelegate.swift */,
				CEC2EED5256D4A6500C35705 /* LocationVC.swift */,
				CEE963E9256D5CF8002F71CC /* MapVC.swift */,
				CEC2EED7256D4A6500C35705 /* Main.storyboard */,
				CEC2EEDA256D4A6900C35705 /* Assets.xcassets */,
				CEC2EEDC256D4A6900C35705 /* LaunchScreen.storyboard */,
				CEC2EEDF256D4A6900C35705 /* Info.plist */,
			);
			path = GeoMap2;
			sourceTree = "<group>";
		};
		CEC2EEE6256D4EA600C35705 /* Fonts */ = {
			isa = PBXGroup;
			children = (
			);
			path = Fonts;
			sourceTree = "<group>";
		};
/* End PBXGroup section */

/* Begin PBXNativeTarget section */
		CEC2EECD256D4A6500C35705 /* GeoMap2 */ = {
			isa = PBXNativeTarget;
			buildConfigurationList = CEC2EEE2256D4A6900C35705 /* Build configuration list for PBXNativeTarget "GeoMap2" */;
			buildPhases = (
				CEC2EECA256D4A6500C35705 /* Sources */,
				CEC2EECB256D4A6500C35705 /* Frameworks */,
				CEC2EECC256D4A6500C35705 /* Resources */,
			);
			buildRules = (
			);
			dependencies = (
			);
			name = GeoMap2;
			productName = GeoMap2;
			productReference = CEC2EECE256D4A6500C35705 /* GeoMap2.app */;
			productType = "com.apple.product-type.application";
		};
/* End PBXNativeTarget section */

/* Begin PBXProject section */
		CEC2EEC6256D4A6500C35705 /* Project object */ = {
			isa = PBXProject;
			attributes = {
				LastSwiftUpdateCheck = 1210;
				LastUpgradeCheck = 1210;
				TargetAttributes = {
					CEC2EECD256D4A6500C35705 = {
						CreatedOnToolsVersion = 12.1;
					};
				};
			};
			buildConfigurationList = CEC2EEC9256D4A6500C35705 /* Build configuration list for PBXProject "GeoMap2" */;
			compatibilityVersion = "Xcode 9.3";
			developmentRegion = en;
			hasScannedForEncodings = 0;
			knownRegions = (
				en,
				Base,
			);
			mainGroup = CEC2EEC5256D4A6500C35705;
			productRefGroup = CEC2EECF256D4A6500C35705 /* Products */;
			projectDirPath = "";
			projectRoot = "";
			targets = (
				CEC2EECD256D4A6500C35705 /* GeoMap2 */,
			);
		};
/* End PBXProject section */

/* Begin PBXResourcesBuildPhase section */
		CEC2EECC256D4A6500C35705 /* Resources */ = {
			isa = PBXResourcesBuildPhase;
			buildActionMask = 2147483647;
			files = (
				CEC2EEDE256D4A6900C35705 /* LaunchScreen.storyboard in Resources */,
				CEC2EEDB256D4A6900C35705 /* Assets.xcassets in Resources */,
				CEC2EED9256D4A6500C35705 /* Main.storyboard in Resources */,
			);
			runOnlyForDeploymentPostprocessing = 0;
		};
/* End PBXResourcesBuildPhase section */

/* Begin PBXSourcesBuildPhase section */
		CEC2EECA256D4A6500C35705 /* Sources */ = {
			isa = PBXSourcesBuildPhase;
			buildActionMask = 2147483647;
			files = (
				CEC2EED6256D4A6500C35705 /* LocationVC.swift in Sources */,
				CEE963EA256D5CF8002F71CC /* MapVC.swift in Sources */,
				CEC2EED2256D4A6500C35705 /* AppDelegate.swift in Sources */,
				CEC2EED4256D4A6500C35705 /* SceneDelegate.swift in Sources */,
			);
			runOnlyForDeploymentPostprocessing = 0;
		};
/* End PBXSourcesBuildPhase section */

/* Begin PBXVariantGroup section */
		CEC2EED7256D4A6500C35705 /* Main.storyboard */ = {
			isa = PBXVariantGroup;
			children = (
				CEC2EED8256D4A6500C35705 /* Base */,
			);
			name = Main.storyboard;
			sourceTree = "<group>";
		};
		CEC2EEDC256D4A6900C35705 /* LaunchScreen.storyboard */ = {
			isa = PBXVariantGroup;
			children = (
				CEC2EEDD256D4A6900C35705 /* Base */,
			);
			name = LaunchScreen.storyboard;
			sourceTree = "<group>";
		};
/* End PBXVariantGroup section */

/* Begin XCBuildConfiguration section */
		CEC2EEE0256D4A6900C35705 /* Debug */ = {
			isa = XCBuildConfiguration;
			buildSettings = {
				ALWAYS_SEARCH_USER_PATHS = NO;
				CLANG_ANALYZER_NONNULL = YES;
				CLANG_ANALYZER_NUMBER_OBJECT_CONVERSION = YES_AGGRESSIVE;
				CLANG_CXX_LANGUAGE_STANDARD = "gnu++14";
				CLANG_CXX_LIBRARY = "libc++";
				CLANG_ENABLE_MODULES = YES;
				CLANG_ENABLE_OBJC_ARC = YES;
				CLANG_ENABLE_OBJC_WEAK = YES;
				CLANG_WARN_BLOCK_CAPTURE_AUTORELEASING = YES;
				CLANG_WARN_BOOL_CONVERSION = YES;
				CLANG_WARN_COMMA = YES;
				CLANG_WARN_CONSTANT_CONVERSION = YES;
				CLANG_WARN_DEPRECATED_OBJC_IMPLEMENTATIONS = YES;
				CLANG_WARN_DIRECT_OBJC_ISA_USAGE = YES_ERROR;
				CLANG_WARN_DOCUMENTATION_COMMENTS = YES;
				CLANG_WARN_EMPTY_BODY = YES;
				CLANG_WARN_ENUM_CONVERSION = YES;
				CLANG_WARN_INFINITE_RECURSION = YES;
				CLANG_WARN_INT_CONVERSION = YES;
				CLANG_WARN_NON_LITERAL_NULL_CONVERSION = YES;
				CLANG_WARN_OBJC_IMPLICIT_RETAIN_SELF = YES;
				CLANG_WARN_OBJC_LITERAL_CONVERSION = YES;
				CLANG_WARN_OBJC_ROOT_CLASS = YES_ERROR;
				CLANG_WARN_QUOTED_INCLUDE_IN_FRAMEWORK_HEADER = YES;
				CLANG_WARN_RANGE_LOOP_ANALYSIS = YES;
				CLANG_WARN_STRICT_PROTOTYPES = YES;
				CLANG_WARN_SUSPICIOUS_MOVE = YES;
				CLANG_WARN_UNGUARDED_AVAILABILITY = YES_AGGRESSIVE;
				CLANG_WARN_UNREACHABLE_CODE = YES;
				CLANG_WARN__DUPLICATE_METHOD_MATCH = YES;
				COPY_PHASE_STRIP = NO;
				DEBUG_INFORMATION_FORMAT = dwarf;
				ENABLE_STRICT_OBJC_MSGSEND = YES;
				ENABLE_TESTABILITY = YES;
				GCC_C_LANGUAGE_STANDARD = gnu11;
				GCC_DYNAMIC_NO_PIC = NO;
				GCC_NO_COMMON_BLOCKS = YES;
				GCC_OPTIMIZATION_LEVEL = 0;
				GCC_PREPROCESSOR_DEFINITIONS = (
					"DEBUG=1",
					"$(inherited)",
				);
				GCC_WARN_64_TO_32_BIT_CONVERSION = YES;
				GCC_WARN_ABOUT_RETURN_TYPE = YES_ERROR;
				GCC_WARN_UNDECLARED_SELECTOR = YES;
				GCC_WARN_UNINITIALIZED_AUTOS = YES_AGGRESSIVE;
				GCC_WARN_UNUSED_FUNCTION = YES;
				GCC_WARN_UNUSED_VARIABLE = YES;
				IPHONEOS_DEPLOYMENT_TARGET = 14.1;
				MTL_ENABLE_DEBUG_INFO = INCLUDE_SOURCE;
				MTL_FAST_MATH = YES;
				ONLY_ACTIVE_ARCH = YES;
				SDKROOT = iphoneos;
				SWIFT_ACTIVE_COMPILATION_CONDITIONS = DEBUG;
				SWIFT_OPTIMIZATION_LEVEL = "-Onone";
			};
			name = Debug;
		};
		CEC2EEE1256D4A6900C35705 /* Release */ = {
			isa = XCBuildConfiguration;
			buildSettings = {
				ALWAYS_SEARCH_USER_PATHS = NO;
				CLANG_ANALYZER_NONNULL = YES;
				CLANG_ANALYZER_NUMBER_OBJECT_CONVERSION = YES_AGGRESSIVE;
				CLANG_CXX_LANGUAGE_STANDARD = "gnu++14";
				CLANG_CXX_LIBRARY = "libc++";
				CLANG_ENABLE_MODULES = YES;
				CLANG_ENABLE_OBJC_ARC = YES;
				CLANG_ENABLE_OBJC_WEAK = YES;
				CLANG_WARN_BLOCK_CAPTURE_AUTORELEASING = YES;
				CLANG_WARN_BOOL_CONVERSION = YES;
				CLANG_WARN_COMMA = YES;
				CLANG_WARN_CONSTANT_CONVERSION = YES;
				CLANG_WARN_DEPRECATED_OBJC_IMPLEMENTATIONS = YES;
				CLANG_WARN_DIRECT_OBJC_ISA_USAGE = YES_ERROR;
				CLANG_WARN_DOCUMENTATION_COMMENTS = YES;
				CLANG_WARN_EMPTY_BODY = YES;
				CLANG_WARN_ENUM_CONVERSION = YES;
				CLANG_WARN_INFINITE_RECURSION = YES;
				CLANG_WARN_INT_CONVERSION = YES;
				CLANG_WARN_NON_LITERAL_NULL_CONVERSION = YES;
				CLANG_WARN_OBJC_IMPLICIT_RETAIN_SELF = YES;
				CLANG_WARN_OBJC_LITERAL_CONVERSION = YES;
				CLANG_WARN_OBJC_ROOT_CLASS = YES_ERROR;
				CLANG_WARN_QUOTED_INCLUDE_IN_FRAMEWORK_HEADER = YES;
				CLANG_WARN_RANGE_LOOP_ANALYSIS = YES;
				CLANG_WARN_STRICT_PROTOTYPES = YES;
				CLANG_WARN_SUSPICIOUS_MOVE = YES;
				CLANG_WARN_UNGUARDED_AVAILABILITY = YES_AGGRESSIVE;
				CLANG_WARN_UNREACHABLE_CODE = YES;
				CLANG_WARN__DUPLICATE_METHOD_MATCH = YES;
				COPY_PHASE_STRIP = NO;
				DEBUG_INFORMATION_FORMAT = "dwarf-with-dsym";
				ENABLE_NS_ASSERTIONS = NO;
				ENABLE_STRICT_OBJC_MSGSEND = YES;
				GCC_C_LANGUAGE_STANDARD = gnu11;
				GCC_NO_COMMON_BLOCKS = YES;
				GCC_WARN_64_TO_32_BIT_CONVERSION = YES;
				GCC_WARN_ABOUT_RETURN_TYPE = YES_ERROR;
				GCC_WARN_UNDECLARED_SELECTOR = YES;
				GCC_WARN_UNINITIALIZED_AUTOS = YES_AGGRESSIVE;
				GCC_WARN_UNUSED_FUNCTION = YES;
				GCC_WARN_UNUSED_VARIABLE = YES;
				IPHONEOS_DEPLOYMENT_TARGET = 14.1;
				MTL_ENABLE_DEBUG_INFO = NO;
				MTL_FAST_MATH = YES;
				SDKROOT = iphoneos;
				SWIFT_COMPILATION_MODE = wholemodule;
				SWIFT_OPTIMIZATION_LEVEL = "-O";
				VALIDATE_PRODUCT = YES;
			};
			name = Release;
		};
		CEC2EEE3256D4A6900C35705 /* Debug */ = {
			isa = XCBuildConfiguration;
			buildSettings = {
				ASSETCATALOG_COMPILER_APPICON_NAME = AppIcon;
				ASSETCATALOG_COMPILER_GLOBAL_ACCENT_COLOR_NAME = AccentColor;
				CODE_SIGN_STYLE = Automatic;
				INFOPLIST_FILE = GeoMap2/Info.plist;
				LD_RUNPATH_SEARCH_PATHS = (
					"$(inherited)",
					"@executable_path/Frameworks",
				);
				PRODUCT_BUNDLE_IDENTIFIER = Rabota2.GeoMap2;
				PRODUCT_NAME = "$(TARGET_NAME)";
				SWIFT_VERSION = 5.0;
				TARGETED_DEVICE_FAMILY = "1,2";
			};
			name = Debug;
		};
		CEC2EEE4256D4A6900C35705 /* Release */ = {
			isa = XCBuildConfiguration;
			buildSettings = {
				ASSETCATALOG_COMPILER_APPICON_NAME = AppIcon;
				ASSETCATALOG_COMPILER_GLOBAL_ACCENT_COLOR_NAME = AccentColor;
				CODE_SIGN_STYLE = Automatic;
				INFOPLIST_FILE = GeoMap2/Info.plist;
				LD_RUNPATH_SEARCH_PATHS = (
					"$(inherited)",
					"@executable_path/Frameworks",
				);
				PRODUCT_BUNDLE_IDENTIFIER = Rabota2.GeoMap2;
				PRODUCT_NAME = "$(TARGET_NAME)";
				SWIFT_VERSION = 5.0;
				TARGETED_DEVICE_FAMILY = "1,2";
			};
			name = Release;
		};
/* End XCBuildConfiguration section */

/* Begin XCConfigurationList section */
		CEC2EEC9256D4A6500C35705 /* Build configuration list for PBXProject "GeoMap2" */ = {
			isa = XCConfigurationList;
			buildConfigurations = (
				CEC2EEE0256D4A6900C35705 /* Debug */,
				CEC2EEE1256D4A6900C35705 /* Release */,
			);
			defaultConfigurationIsVisible = 0;
			defaultConfigurationName = Release;
		};
		CEC2EEE2256D4A6900C35705 /* Build configuration list for PBXNativeTarget "GeoMap2" */ = {
			isa = XCConfigurationList;
			buildConfigurations = (
				CEC2EEE3256D4A6900C35705 /* Debug */,
				CEC2EEE4256D4A6900C35705 /* Release */,
			);
			defaultConfigurationIsVisible = 0;
			defaultConfigurationName = Release;
		};
/* End XCConfigurationList section */
	};
	rootObject = CEC2EEC6256D4A6500C35705 /* Project object */;
}
